
Microsoft Visual Studio Solution File, Format Version 12.00
# Visual Studio Version 17
VisualStudioVersion = 17.9.34607.119
MinimumVisualStudioVersion = 10.0.40219.1
Project("{FAE04EC0-301F-11D3-BF4B-00C04F79EFBC}") = "ExpoTrack", "ExpoTrack.csproj", "{45A80902-5E7D-429C-AABE-2F6AE8BB11AE}"
EndProject
Global
	GlobalSection(SolutionConfigurationPlatforms) = preSolution
		Debug|Any CPU = Debug|Any CPU
		Release|Any CPU = Release|Any CPU
	EndGlobalSection
	GlobalSection(ProjectConfigurationPlatforms) = postSolution
		{45A80902-5E7D-429C-AABE-2F6AE8BB11AE}.Debug|Any CPU.ActiveCfg = Debug|Any CPU
		{45A80902-5E7D-429C-AABE-2F6AE8BB11AE}.Debug|Any CPU.Build.0 = Debug|Any CPU
		{45A80902-5E7D-429C-AABE-2F6AE8BB11AE}.Release|Any CPU.ActiveCfg = Release|Any CPU
		{45A80902-5E7D-429C-AABE-2F6AE8BB11AE}.Release|Any CPU.Build.0 = Release|Any CPU
	EndGlobalSection
	GlobalSection(SolutionProperties) = preSolution
		HideSolutionNode = FALSE
	EndGlobalSection
	GlobalSection(ExtensibilityGlobals) = postSolution
		SolutionGuid = {733E25C4-8A35-46A9-B272-F6ED516F7640}
	EndGlobalSection
EndGlobal
